
Microsoft Visual Studio Solution File, Format Version 12.00
# Visual Studio Version 17
VisualStudioVersion = 17.11.35327.3
MinimumVisualStudioVersion = 10.0.40219.1
Project("{FAE04EC0-301F-11D3-BF4B-00C04F79EFBC}") = "hoja4", "hoja4.csproj", "{47362AE7-8A4D-4AE4-AAD2-D9396BD97496}"
EndProject
Global
	GlobalSection(SolutionConfigurationPlatforms) = preSolution
		Debug|Any CPU = Debug|Any CPU
		Release|Any CPU = Release|Any CPU
	EndGlobalSection
	GlobalSection(ProjectConfigurationPlatforms) = postSolution
		{47362AE7-8A4D-4AE4-AAD2-D9396BD97496}.Debug|Any CPU.ActiveCfg = Debug|Any CPU
		{47362AE7-8A4D-4AE4-AAD2-D9396BD97496}.Debug|Any CPU.Build.0 = Debug|Any CPU
		{47362AE7-8A4D-4AE4-AAD2-D9396BD97496}.Release|Any CPU.ActiveCfg = Release|Any CPU
		{47362AE7-8A4D-4AE4-AAD2-D9396BD97496}.Release|Any CPU.Build.0 = Release|Any CPU
	EndGlobalSection
	GlobalSection(SolutionProperties) = preSolution
		HideSolutionNode = FALSE
	EndGlobalSection
	GlobalSection(ExtensibilityGlobals) = postSolution
		SolutionGuid = {997253AC-7EAE-462E-AA01-CDFCB6977F33}
	EndGlobalSection
EndGlobal
